
Microsoft Visual Studio Solution File, Format Version 12.00
# Visual Studio Version 17
VisualStudioVersion = 17.0.32014.148
MinimumVisualStudioVersion = 10.0.40219.1
Project("{FAE04EC0-301F-11D3-BF4B-00C04F79EFBC}") = "WinFormsApp1", "WinFormsApp1.csproj", "{179FC9DE-D2D7-40BD-8E2D-D3191F28B7C0}"
EndProject
Global
	GlobalSection(SolutionConfigurationPlatforms) = preSolution
		Debug|Any CPU = Debug|Any CPU
		Release|Any CPU = Release|Any CPU
	EndGlobalSection
	GlobalSection(ProjectConfigurationPlatforms) = postSolution
		{179FC9DE-D2D7-40BD-8E2D-D3191F28B7C0}.Debug|Any CPU.ActiveCfg = Debug|Any CPU
		{179FC9DE-D2D7-40BD-8E2D-D3191F28B7C0}.Debug|Any CPU.Build.0 = Debug|Any CPU
		{179FC9DE-D2D7-40BD-8E2D-D3191F28B7C0}.Release|Any CPU.ActiveCfg = Release|Any CPU
		{179FC9DE-D2D7-40BD-8E2D-D3191F28B7C0}.Release|Any CPU.Build.0 = Release|Any CPU
	EndGlobalSection
	GlobalSection(SolutionProperties) = preSolution
		HideSolutionNode = FALSE
	EndGlobalSection
	GlobalSection(ExtensibilityGlobals) = postSolution
		SolutionGuid = {B90D03DC-CAAF-46BA-8AC8-B58B2ADD45FB}
	EndGlobalSection
EndGlobal
